
Microsoft Visual Studio Solution File, Format Version 12.00
# Visual Studio 15
VisualStudioVersion = 15.0.28307.168
MinimumVisualStudioVersion = 10.0.40219.1
Project("{9A19103F-16F7-4668-BE54-9A1E7A4F7556}") = "SignalR", "SingleR\SignalR.csproj", "{8F1AFDA8-D10E-400E-A128-81C665E3CA63}"
EndProject
Global
	GlobalSection(SolutionConfigurationPlatforms) = preSolution
		Debug|Any CPU = Debug|Any CPU
		Release|Any CPU = Release|Any CPU
	EndGlobalSection
	GlobalSection(ProjectConfigurationPlatforms) = postSolution
		{8F1AFDA8-D10E-400E-A128-81C665E3CA63}.Debug|Any CPU.ActiveCfg = Debug|Any CPU
		{8F1AFDA8-D10E-400E-A128-81C665E3CA63}.Debug|Any CPU.Build.0 = Debug|Any CPU
		{8F1AFDA8-D10E-400E-A128-81C665E3CA63}.Release|Any CPU.ActiveCfg = Release|Any CPU
		{8F1AFDA8-D10E-400E-A128-81C665E3CA63}.Release|Any CPU.Build.0 = Release|Any CPU
	EndGlobalSection
	GlobalSection(SolutionProperties) = preSolution
		HideSolutionNode = FALSE
	EndGlobalSection
	GlobalSection(ExtensibilityGlobals) = postSolution
		SolutionGuid = {37731B0D-8C46-4E41-B778-DE956F7924AB}
	EndGlobalSection
EndGlobal
